// !$*UTF8*$!
{
	archiveVersion = 1;
	classes = {
	};
	objectVersion = 46;
	objects = {

/* Begin PBXBuildFile section */
		3C092AEF1AE1B957004A4324 /* main.m in Sources */ = {isa = PBXBuildFile; fileRef = 3C092AEE1AE1B957004A4324 /* main.m */; };
		3C092AF21AE1B958004A4324 /* AppDelegate.m in Sources */ = {isa = PBXBuildFile; fileRef = 3C092AF11AE1B958004A4324 /* AppDelegate.m */; };
		3C092AF51AE1B958004A4324 /* MainScreenViewController.m in Sources */ = {isa = PBXBuildFile; fileRef = 3C092AF41AE1B958004A4324 /* MainScreenViewController.m */; };
		3C092AF81AE1B958004A4324 /* Main.storyboard in Resources */ = {isa = PBXBuildFile; fileRef = 3C092AF61AE1B958004A4324 /* Main.storyboard */; };
		3C092AFA1AE1B958004A4324 /* Images.xcassets in Resources */ = {isa = PBXBuildFile; fileRef = 3C092AF91AE1B958004A4324 /* Images.xcassets */; };
		3C092AFD1AE1B958004A4324 /* LaunchScreen.xib in Resources */ = {isa = PBXBuildFile; fileRef = 3C092AFB1AE1B958004A4324 /* LaunchScreen.xib */; };
		3C092B091AE1B958004A4324 /* LiftingCoachTests.m in Sources */ = {isa = PBXBuildFile; fileRef = 3C092B081AE1B958004A4324 /* LiftingCoachTests.m */; };
/* End PBXBuildFile section */

/* Begin PBXContainerItemProxy section */
		3C092B031AE1B958004A4324 /* PBXContainerItemProxy */ = {
			isa = PBXContainerItemProxy;
			containerPortal = 3C092AE11AE1B957004A4324 /* Project object */;
			proxyType = 1;
			remoteGlobalIDString = 3C092AE81AE1B957004A4324;
			remoteInfo = LiftingCoach;
		};
/* End PBXContainerItemProxy section */

/* Begin PBXFileReference section */
		3C092AE91AE1B957004A4324 /* LiftingCoach.app */ = {isa = PBXFileReference; explicitFileType = wrapper.application; includeInIndex = 0; path = LiftingCoach.app; sourceTree = BUILT_PRODUCTS_DIR; };
		3C092AED1AE1B957004A4324 /* Info.plist */ = {isa = PBXFileReference; lastKnownFileType = text.plist.xml; path = Info.plist; sourceTree = "<group>"; };
		3C092AEE1AE1B957004A4324 /* main.m */ = {isa = PBXFileReference; lastKnownFileType = sourcecode.c.objc; path = main.m; sourceTree = "<group>"; };
		3C092AF01AE1B957004A4324 /* AppDelegate.h */ = {isa = PBXFileReference; lastKnownFileType = sourcecode.c.h; path = AppDelegate.h; sourceTree = "<group>"; };
		3C092AF11AE1B958004A4324 /* AppDelegate.m */ = {isa = PBXFileReference; lastKnownFileType = sourcecode.c.objc; path = AppDelegate.m; sourceTree = "<group>"; };
		3C092AF31AE1B958004A4324 /* MainScreenViewController.h */ = {isa = PBXFileReference; lastKnownFileType = sourcecode.c.h; path = MainScreenViewController.h; sourceTree = "<group>"; };
		3C092AF41AE1B958004A4324 /* MainScreenViewController.m */ = {isa = PBXFileReference; lastKnownFileType = sourcecode.c.objc; path = MainScreenViewController.m; sourceTree = "<group>"; };
		3C092AF71AE1B958004A4324 /* Base */ = {isa = PBXFileReference; lastKnownFileType = file.storyboard; name = Base; path = Base.lproj/Main.storyboard; sourceTree = "<group>"; };
		3C092AF91AE1B958004A4324 /* Images.xcassets */ = {isa = PBXFileReference; lastKnownFileType = folder.assetcatalog; path = Images.xcassets; sourceTree = "<group>"; };
		3C092AFC1AE1B958004A4324 /* Base */ = {isa = PBXFileReference; lastKnownFileType = file.xib; name = Base; path = Base.lproj/LaunchScreen.xib; sourceTree = "<group>"; };
		3C092B021AE1B958004A4324 /* LiftingCoachTests.xctest */ = {isa = PBXFileReference; explicitFileType = wrapper.cfbundle; includeInIndex = 0; path = LiftingCoachTests.xctest; sourceTree = BUILT_PRODUCTS_DIR; };
		3C092B071AE1B958004A4324 /* Info.plist */ = {isa = PBXFileReference; lastKnownFileType = text.plist.xml; path = Info.plist; sourceTree = "<group>"; };
		3C092B081AE1B958004A4324 /* LiftingCoachTests.m */ = {isa = PBXFileReference; lastKnownFileType = sourcecode.c.objc; path = LiftingCoachTests.m; sourceTree = "<group>"; };
/* End PBXFileReference section */

/* Begin PBXFrameworksBuildPhase section */
		3C092AE61AE1B957004A4324 /* Frameworks */ = {
			isa = PBXFrameworksBuildPhase;
			buildActionMask = 2147483647;
			files = (
			);
			runOnlyForDeploymentPostprocessing = 0;
		};
		3C092AFF1AE1B958004A4324 /* Frameworks */ = {
			isa = PBXFrameworksBuildPhase;
			buildActionMask = 2147483647;
			files = (
			);
			runOnlyForDeploymentPostprocessing = 0;
		};
/* End PBXFrameworksBuildPhase section */

/* Begin PBXGroup section */
		3C092AE01AE1B957004A4324 = {
			isa = PBXGroup;
			children = (
				3C092AEB1AE1B957004A4324 /* LiftingCoach */,
				3C092B051AE1B958004A4324 /* LiftingCoachTests */,
				3C092AEA1AE1B957004A4324 /* Products */,
			);
			sourceTree = "<group>";
		};
		3C092AEA1AE1B957004A4324 /* Products */ = {
			isa = PBXGroup;
			children = (
				3C092AE91AE1B957004A4324 /* LiftingCoach.app */,
				3C092B021AE1B958004A4324 /* LiftingCoachTests.xctest */,
			);
			name = Products;
			sourceTree = "<group>";
		};
		3C092AEB1AE1B957004A4324 /* LiftingCoach */ = {
			isa = PBXGroup;
			children = (
				3C092AF01AE1B957004A4324 /* AppDelegate.h */,
				3C092AF11AE1B958004A4324 /* AppDelegate.m */,
				3C092AF31AE1B958004A4324 /* MainScreenViewController.h */,
				3C092AF41AE1B958004A4324 /* MainScreenViewController.m */,
				3C092AF61AE1B958004A4324 /* Main.storyboard */,
				3C092AF91AE1B958004A4324 /* Images.xcassets */,
				3C092AFB1AE1B958004A4324 /* LaunchScreen.xib */,
				3C092AEC1AE1B957004A4324 /* Supporting Files */,
			);
			path = LiftingCoach;
			sourceTree = "<group>";
		};
		3C092AEC1AE1B957004A4324 /* Supporting Files */ = {
			isa = PBXGroup;
			children = (
				3C092AED1AE1B957004A4324 /* Info.plist */,
				3C092AEE1AE1B957004A4324 /* main.m */,
			);
			name = "Supporting Files";
			sourceTree = "<group>";
		};
		3C092B051AE1B958004A4324 /* LiftingCoachTests */ = {
			isa = PBXGroup;
			children = (
				3C092B081AE1B958004A4324 /* LiftingCoachTests.m */,
				3C092B061AE1B958004A4324 /* Supporting Files */,
			);
			path = LiftingCoachTests;
			sourceTree = "<group>";
		};
		3C092B061AE1B958004A4324 /* Supporting Files */ = {
			isa = PBXGroup;
			children = (
				3C092B071AE1B958004A4324 /* Info.plist */,
			);
			name = "Supporting Files";
			sourceTree = "<group>";
		};
/* End PBXGroup section */

/* Begin PBXNativeTarget section */
		3C092AE81AE1B957004A4324 /* LiftingCoach */ = {
			isa = PBXNativeTarget;
			buildConfigurationList = 3C092B0C1AE1B958004A4324 /* Build configuration list for PBXNativeTarget "LiftingCoach" */;
			buildPhases = (
				3C092AE51AE1B957004A4324 /* Sources */,
				3C092AE61AE1B957004A4324 /* Frameworks */,
				3C092AE71AE1B957004A4324 /* Resources */,
			);
			buildRules = (
			);
			dependencies = (
			);
			name = LiftingCoach;
			productName = LiftingCoach;
			productReference = 3C092AE91AE1B957004A4324 /* LiftingCoach.app */;
			productType = "com.apple.product-type.application";
		};
		3C092B011AE1B958004A4324 /* LiftingCoachTests */ = {
			isa = PBXNativeTarget;
			buildConfigurationList = 3C092B0F1AE1B958004A4324 /* Build configuration list for PBXNativeTarget "LiftingCoachTests" */;
			buildPhases = (
				3C092AFE1AE1B958004A4324 /* Sources */,
				3C092AFF1AE1B958004A4324 /* Frameworks */,
				3C092B001AE1B958004A4324 /* Resources */,
			);
			buildRules = (
			);
			dependencies = (
				3C092B041AE1B958004A4324 /* PBXTargetDependency */,
			);
			name = LiftingCoachTests;
			productName = LiftingCoachTests;
			productReference = 3C092B021AE1B958004A4324 /* LiftingCoachTests.xctest */;
			productType = "com.apple.product-type.bundle.unit-test";
		};
/* End PBXNativeTarget section */

/* Begin PBXProject section */
		3C092AE11AE1B957004A4324 /* Project object */ = {
			isa = PBXProject;
			attributes = {
				LastUpgradeCheck = 0620;
				ORGANIZATIONNAME = CS378;
				TargetAttributes = {
					3C092AE81AE1B957004A4324 = {
						CreatedOnToolsVersion = 6.2;
					};
					3C092B011AE1B958004A4324 = {
						CreatedOnToolsVersion = 6.2;
						TestTargetID = 3C092AE81AE1B957004A4324;
					};
				};
			};
			buildConfigurationList = 3C092AE41AE1B957004A4324 /* Build configuration list for PBXProject "LiftingCoach" */;
			compatibilityVersion = "Xcode 3.2";
			developmentRegion = English;
			hasScannedForEncodings = 0;
			knownRegions = (
				en,
				Base,
			);
			mainGroup = 3C092AE01AE1B957004A4324;
			productRefGroup = 3C092AEA1AE1B957004A4324 /* Products */;
			projectDirPath = "";
			projectRoot = "";
			targets = (
				3C092AE81AE1B957004A4324 /* LiftingCoach */,
				3C092B011AE1B958004A4324 /* LiftingCoachTests */,
			);
		};
/* End PBXProject section */

/* Begin PBXResourcesBuildPhase section */
		3C092AE71AE1B957004A4324 /* Resources */ = {
			isa = PBXResourcesBuildPhase;
			buildActionMask = 2147483647;
			files = (
				3C092AF81AE1B958004A4324 /* Main.storyboard in Resources */,
				3C092AFD1AE1B958004A4324 /* LaunchScreen.xib in Resources */,
				3C092AFA1AE1B958004A4324 /* Images.xcassets in Resources */,
			);
			runOnlyForDeploymentPostprocessing = 0;
		};
		3C092B001AE1B958004A4324 /* Resources */ = {
			isa = PBXResourcesBuildPhase;
			buildActionMask = 2147483647;
			files = (
			);
			runOnlyForDeploymentPostprocessing = 0;
		};
/* End PBXResourcesBuildPhase section */

/* Begin PBXSourcesBuildPhase section */
		3C092AE51AE1B957004A4324 /* Sources */ = {
			isa = PBXSourcesBuildPhase;
			buildActionMask = 2147483647;
			files = (
				3C092AF51AE1B958004A4324 /* MainScreenViewController.m in Sources */,
				3C092AF21AE1B958004A4324 /* AppDelegate.m in Sources */,
				3C092AEF1AE1B957004A4324 /* main.m in Sources */,
			);
			runOnlyForDeploymentPostprocessing = 0;
		};
		3C092AFE1AE1B958004A4324 /* Sources */ = {
			isa = PBXSourcesBuildPhase;
			buildActionMask = 2147483647;
			files = (
				3C092B091AE1B958004A4324 /* LiftingCoachTests.m in Sources */,
			);
			runOnlyForDeploymentPostprocessing = 0;
		};
/* End PBXSourcesBuildPhase section */

/* Begin PBXTargetDependency section */
		3C092B041AE1B958004A4324 /* PBXTargetDependency */ = {
			isa = PBXTargetDependency;
			target = 3C092AE81AE1B957004A4324 /* LiftingCoach */;
			targetProxy = 3C092B031AE1B958004A4324 /* PBXContainerItemProxy */;
		};
/* End PBXTargetDependency section */

/* Begin PBXVariantGroup section */
		3C092AF61AE1B958004A4324 /* Main.storyboard */ = {
			isa = PBXVariantGroup;
			children = (
				3C092AF71AE1B958004A4324 /* Base */,
			);
			name = Main.storyboard;
			sourceTree = "<group>";
		};
		3C092AFB1AE1B958004A4324 /* LaunchScreen.xib */ = {
			isa = PBXVariantGroup;
			children = (
				3C092AFC1AE1B958004A4324 /* Base */,
			);
			name = LaunchScreen.xib;
			sourceTree = "<group>";
		};
/* End PBXVariantGroup section */

/* Begin XCBuildConfiguration section */
		3C092B0A1AE1B958004A4324 /* Debug */ = {
			isa = XCBuildConfiguration;
			buildSettings = {
				ALWAYS_SEARCH_USER_PATHS = NO;
				CLANG_CXX_LANGUAGE_STANDARD = "gnu++0x";
				CLANG_CXX_LIBRARY = "libc++";
				CLANG_ENABLE_MODULES = YES;
				CLANG_ENABLE_OBJC_ARC = YES;
				CLANG_WARN_BOOL_CONVERSION = YES;
				CLANG_WARN_CONSTANT_CONVERSION = YES;
				CLANG_WARN_DIRECT_OBJC_ISA_USAGE = YES_ERROR;
				CLANG_WARN_EMPTY_BODY = YES;
				CLANG_WARN_ENUM_CONVERSION = YES;
				CLANG_WARN_INT_CONVERSION = YES;
				CLANG_WARN_OBJC_ROOT_CLASS = YES_ERROR;
				CLANG_WARN_UNREACHABLE_CODE = YES;
				CLANG_WARN__DUPLICATE_METHOD_MATCH = YES;
				"CODE_SIGN_IDENTITY[sdk=iphoneos*]" = "iPhone Developer";
				COPY_PHASE_STRIP = NO;
				ENABLE_STRICT_OBJC_MSGSEND = YES;
				GCC_C_LANGUAGE_STANDARD = gnu99;
				GCC_DYNAMIC_NO_PIC = NO;
				GCC_OPTIMIZATION_LEVEL = 0;
				GCC_PREPROCESSOR_DEFINITIONS = (
					"DEBUG=1",
					"$(inherited)",
				);
				GCC_SYMBOLS_PRIVATE_EXTERN = NO;
				GCC_WARN_64_TO_32_BIT_CONVERSION = YES;
				GCC_WARN_ABOUT_RETURN_TYPE = YES_ERROR;
				GCC_WARN_UNDECLARED_SELECTOR = YES;
				GCC_WARN_UNINITIALIZED_AUTOS = YES_AGGRESSIVE;
				GCC_WARN_UNUSED_FUNCTION = YES;
				GCC_WARN_UNUSED_VARIABLE = YES;
				IPHONEOS_DEPLOYMENT_TARGET = 8.2;
				MTL_ENABLE_DEBUG_INFO = YES;
				ONLY_ACTIVE_ARCH = YES;
				SDKROOT = iphoneos;
				TARGETED_DEVICE_FAMILY = "1,2";
			};
			name = Debug;
		};
		3C092B0B1AE1B958004A4324 /* Release */ = {
			isa = XCBuildConfiguration;
			buildSettings = {
				ALWAYS_SEARCH_USER_PATHS = NO;
				CLANG_CXX_LANGUAGE_STANDARD = "gnu++0x";
				CLANG_CXX_LIBRARY = "libc++";
				CLANG_ENABLE_MODULES = YES;
				CLANG_ENABLE_OBJC_ARC = YES;
				CLANG_WARN_BOOL_CONVERSION = YES;
				CLANG_WARN_CONSTANT_CONVERSION = YES;
				CLANG_WARN_DIRECT_OBJC_ISA_USAGE = YES_ERROR;
				CLANG_WARN_EMPTY_BODY = YES;
				CLANG_WARN_ENUM_CONVERSION = YES;
				CLANG_WARN_INT_CONVERSION = YES;
				CLANG_WARN_OBJC_ROOT_CLASS = YES_ERROR;
				CLANG_WARN_UNREACHABLE_CODE = YES;
				CLANG_WARN__DUPLICATE_METHOD_MATCH = YES;
				"CODE_SIGN_IDENTITY[sdk=iphoneos*]" = "iPhone Developer";
				COPY_PHASE_STRIP = NO;
				ENABLE_NS_ASSERTIONS = NO;
				ENABLE_STRICT_OBJC_MSGSEND = YES;
				GCC_C_LANGUAGE_STANDARD = gnu99;
				GCC_WARN_64_TO_32_BIT_CONVERSION = YES;
				GCC_WARN_ABOUT_RETURN_TYPE = YES_ERROR;
				GCC_WARN_UNDECLARED_SELECTOR = YES;
				GCC_WARN_UNINITIALIZED_AUTOS = YES_AGGRESSIVE;
				GCC_WARN_UNUSED_FUNCTION = YES;
				GCC_WARN_UNUSED_VARIABLE = YES;
				IPHONEOS_DEPLOYMENT_TARGET = 8.2;
				MTL_ENABLE_DEBUG_INFO = NO;
				SDKROOT = iphoneos;
				TARGETED_DEVICE_FAMILY = "1,2";
				VALIDATE_PRODUCT = YES;
			};
			name = Release;
		};
		3C092B0D1AE1B958004A4324 /* Debug */ = {
			isa = XCBuildConfiguration;
			buildSettings = {
				ASSETCATALOG_COMPILER_APPICON_NAME = AppIcon;
				INFOPLIST_FILE = LiftingCoach/Info.plist;
				IPHONEOS_DEPLOYMENT_TARGET = 8.0;
				LD_RUNPATH_SEARCH_PATHS = "$(inherited) @executable_path/Frameworks";
				PRODUCT_NAME = "$(TARGET_NAME)";
				TARGETED_DEVICE_FAMILY = "1,2";
			};
			name = Debug;
		};
		3C092B0E1AE1B958004A4324 /* Release */ = {
			isa = XCBuildConfiguration;
			buildSettings = {
				ASSETCATALOG_COMPILER_APPICON_NAME = AppIcon;
				INFOPLIST_FILE = LiftingCoach/Info.plist;
				IPHONEOS_DEPLOYMENT_TARGET = 8.0;
				LD_RUNPATH_SEARCH_PATHS = "$(inherited) @executable_path/Frameworks";
				PRODUCT_NAME = "$(TARGET_NAME)";
				TARGETED_DEVICE_FAMILY = "1,2";
			};
			name = Release;
		};
		3C092B101AE1B958004A4324 /* Debug */ = {
			isa = XCBuildConfiguration;
			buildSettings = {
				BUNDLE_LOADER = "$(TEST_HOST)";
				FRAMEWORK_SEARCH_PATHS = (
					"$(SDKROOT)/Developer/Library/Frameworks",
					"$(inherited)",
				);
				GCC_PREPROCESSOR_DEFINITIONS = (
					"DEBUG=1",
					"$(inherited)",
				);
				INFOPLIST_FILE = LiftingCoachTests/Info.plist;
				LD_RUNPATH_SEARCH_PATHS = "$(inherited) @executable_path/Frameworks @loader_path/Frameworks";
				PRODUCT_NAME = "$(TARGET_NAME)";
				TEST_HOST = "$(BUILT_PRODUCTS_DIR)/LiftingCoach.app/LiftingCoach";
			};
			name = Debug;
		};
		3C092B111AE1B958004A4324 /* Release */ = {
			isa = XCBuildConfiguration;
			buildSettings = {
				BUNDLE_LOADER = "$(TEST_HOST)";
				FRAMEWORK_SEARCH_PATHS = (
					"$(SDKROOT)/Developer/Library/Frameworks",
					"$(inherited)",
				);
				INFOPLIST_FILE = LiftingCoachTests/Info.plist;
				LD_RUNPATH_SEARCH_PATHS = "$(inherited) @executable_path/Frameworks @loader_path/Frameworks";
				PRODUCT_NAME = "$(TARGET_NAME)";
				TEST_HOST = "$(BUILT_PRODUCTS_DIR)/LiftingCoach.app/LiftingCoach";
			};
			name = Release;
		};
/* End XCBuildConfiguration section */

/* Begin XCConfigurationList section */
		3C092AE41AE1B957004A4324 /* Build configuration list for PBXProject "LiftingCoach" */ = {
			isa = XCConfigurationList;
			buildConfigurations = (
				3C092B0A1AE1B958004A4324 /* Debug */,
				3C092B0B1AE1B958004A4324 /* Release */,
			);
			defaultConfigurationIsVisible = 0;
			defaultConfigurationName = Release;
		};
		3C092B0C1AE1B958004A4324 /* Build configuration list for PBXNativeTarget "LiftingCoach" */ = {
			isa = XCConfigurationList;
			buildConfigurations = (
				3C092B0D1AE1B958004A4324 /* Debug */,
				3C092B0E1AE1B958004A4324 /* Release */,
			);
			defaultConfigurationIsVisible = 0;
			defaultConfigurationName = Release;
		};
		3C092B0F1AE1B958004A4324 /* Build configuration list for PBXNativeTarget "LiftingCoachTests" */ = {
			isa = XCConfigurationList;
			buildConfigurations = (
				3C092B101AE1B958004A4324 /* Debug */,
				3C092B111AE1B958004A4324 /* Release */,
			);
			defaultConfigurationIsVisible = 0;
			defaultConfigurationName = Release;
		};
/* End XCConfigurationList section */
	};
	rootObject = 3C092AE11AE1B957004A4324 /* Project object */;
}
